
Microsoft Visual Studio Solution File, Format Version 12.00
# Visual Studio Version 17
VisualStudioVersion = 17.10.35122.118
MinimumVisualStudioVersion = 10.0.40219.1
Project("{FAE04EC0-301F-11D3-BF4B-00C04F79EFBC}") = "api", "api\api.csproj", "{2BE918AE-473A-46C4-A136-941363D0651D}"
EndProject
Global
	GlobalSection(SolutionConfigurationPlatforms) = preSolution
		Debug|Any CPU = Debug|Any CPU
		Release|Any CPU = Release|Any CPU
	EndGlobalSection
	GlobalSection(ProjectConfigurationPlatforms) = postSolution
		{2BE918AE-473A-46C4-A136-941363D0651D}.Debug|Any CPU.ActiveCfg = Debug|Any CPU
		{2BE918AE-473A-46C4-A136-941363D0651D}.Debug|Any CPU.Build.0 = Debug|Any CPU
		{2BE918AE-473A-46C4-A136-941363D0651D}.Release|Any CPU.ActiveCfg = Release|Any CPU
		{2BE918AE-473A-46C4-A136-941363D0651D}.Release|Any CPU.Build.0 = Release|Any CPU
	EndGlobalSection
	GlobalSection(SolutionProperties) = preSolution
		HideSolutionNode = FALSE
	EndGlobalSection
	GlobalSection(ExtensibilityGlobals) = postSolution
		SolutionGuid = {41CC9FE1-E8FD-461F-A72A-5B9A64BBFCDD}
	EndGlobalSection
EndGlobal
